
Microsoft Visual Studio Solution File, Format Version 12.00
# Visual Studio Version 16
VisualStudioVersion = 16.0.32002.261
MinimumVisualStudioVersion = 10.0.40219.1
Project("{9A19103F-16F7-4668-BE54-9A1E7A4F7556}") = "InformationCommunicationHub", "InformationCommunicationHub\InformationCommunicationHub.csproj", "{C585E27B-DBBA-418F-9C19-90321585F97E}"
EndProject
Project("{FAE04EC0-301F-11D3-BF4B-00C04F79EFBC}") = "UnitTests", "UnitTests\UnitTests.csproj", "{167BE3B9-9879-4D57-8D79-BE861A82BEB4}"
EndProject
Global
	GlobalSection(SolutionConfigurationPlatforms) = preSolution
		Debug|Any CPU = Debug|Any CPU
		Release|Any CPU = Release|Any CPU
	EndGlobalSection
	GlobalSection(ProjectConfigurationPlatforms) = postSolution
		{C585E27B-DBBA-418F-9C19-90321585F97E}.Debug|Any CPU.ActiveCfg = Debug|Any CPU
		{C585E27B-DBBA-418F-9C19-90321585F97E}.Debug|Any CPU.Build.0 = Debug|Any CPU
		{C585E27B-DBBA-418F-9C19-90321585F97E}.Release|Any CPU.ActiveCfg = Release|Any CPU
		{C585E27B-DBBA-418F-9C19-90321585F97E}.Release|Any CPU.Build.0 = Release|Any CPU
		{167BE3B9-9879-4D57-8D79-BE861A82BEB4}.Debug|Any CPU.ActiveCfg = Debug|Any CPU
		{167BE3B9-9879-4D57-8D79-BE861A82BEB4}.Debug|Any CPU.Build.0 = Debug|Any CPU
		{167BE3B9-9879-4D57-8D79-BE861A82BEB4}.Release|Any CPU.ActiveCfg = Release|Any CPU
		{167BE3B9-9879-4D57-8D79-BE861A82BEB4}.Release|Any CPU.Build.0 = Release|Any CPU
	EndGlobalSection
	GlobalSection(SolutionProperties) = preSolution
		HideSolutionNode = FALSE
	EndGlobalSection
	GlobalSection(ExtensibilityGlobals) = postSolution
		SolutionGuid = {E86EEAD8-C902-48CA-9BA7-5C4522B4B85C}
	EndGlobalSection
EndGlobal
